
Microsoft Visual Studio Solution File, Format Version 12.00
# Visual Studio 14
VisualStudioVersion = 14.0.25123.0
MinimumVisualStudioVersion = 10.0.40219.1
Project("{FAE04EC0-301F-11D3-BF4B-00C04F79EFBC}") = "LostInJungle", "LostInJungle\LostInJungle.csproj", "{47DF039B-3072-460F-BC7A-1CA6F26FC911}"
EndProject
Project("{FAE04EC0-301F-11D3-BF4B-00C04F79EFBC}") = "ConsoleManager", "ConsoleManager\ConsoleManager.csproj", "{D3EB446E-F9FE-498D-9F25-7EB14B81010B}"
EndProject
Global
	GlobalSection(SolutionConfigurationPlatforms) = preSolution
		Debug|Any CPU = Debug|Any CPU
		Release|Any CPU = Release|Any CPU
	EndGlobalSection
	GlobalSection(ProjectConfigurationPlatforms) = postSolution
		{47DF039B-3072-460F-BC7A-1CA6F26FC911}.Debug|Any CPU.ActiveCfg = Debug|Any CPU
		{47DF039B-3072-460F-BC7A-1CA6F26FC911}.Debug|Any CPU.Build.0 = Debug|Any CPU
		{47DF039B-3072-460F-BC7A-1CA6F26FC911}.Release|Any CPU.ActiveCfg = Release|Any CPU
		{47DF039B-3072-460F-BC7A-1CA6F26FC911}.Release|Any CPU.Build.0 = Release|Any CPU
		{D3EB446E-F9FE-498D-9F25-7EB14B81010B}.Debug|Any CPU.ActiveCfg = Debug|Any CPU
		{D3EB446E-F9FE-498D-9F25-7EB14B81010B}.Debug|Any CPU.Build.0 = Debug|Any CPU
		{D3EB446E-F9FE-498D-9F25-7EB14B81010B}.Release|Any CPU.ActiveCfg = Release|Any CPU
		{D3EB446E-F9FE-498D-9F25-7EB14B81010B}.Release|Any CPU.Build.0 = Release|Any CPU
	EndGlobalSection
	GlobalSection(SolutionProperties) = preSolution
		HideSolutionNode = FALSE
	EndGlobalSection
EndGlobal
